// !$*UTF8*$!
{
	archiveVersion = 1;
	classes = {
	};
	objectVersion = 46;
	objects = {

/* Begin PBXBuildFile section */
		01D705F4974DC52605EA1C34 /* Assimp.cpp in Sources */ = {isa = PBXBuildFile; fileRef = 00C58E5C30575D4E0B649C9C /* Assimp.cpp */; };
		07B5CED0179AFB02040E8510 /* PostStepRegistry.cpp in Sources */ = {isa = PBXBuildFile; fileRef = 0FE9ED78B1D3896AA8FA9BB8 /* PostStepRegistry.cpp */; };
		17A03CF2AFED22A4DE342332 /* Exceptional.cpp in Sources */ = {isa = PBXBuildFile; fileRef = 2877F57A6CC69AECAEEDD3BA /* Exceptional.cpp */; };
		17D20E260539A0D8A2339466 /* ObjFileMtlImporter.cpp in Sources */ = {isa = PBXBuildFile; fileRef = 4CFC29EE5986DC60D46BA82E /* ObjFileMtlImporter.cpp */; };
		18173F14FC5E4746804B7554 /* IOSystem.cpp in Sources */ = {isa = PBXBuildFile; fileRef = AC80377CDD642F6EF07C65BC /* IOSystem.cpp */; };
		1A43C0B4F960DAE6D56A36F4 /* BaseImporter.cpp in Sources */ = {isa = PBXBuildFile; fileRef = 0F51331CA1DEFD0E0AB7A15C /* BaseImporter.cpp */; };
		1BD1972EB41E7CE0E2657D6E /* BaseProcess.cpp in Sources */ = {isa = PBXBuildFile; fileRef = 746291F6B8B13768FAD87036 /* BaseProcess.cpp */; };
		1EC34212045A4944C79F5852 /* TriangulateProcess.cpp in Sources */ = {isa = PBXBuildFile; fileRef = 016A723A5B6B892C22B2807A /* TriangulateProcess.cpp */; };
		24786F165671B9C8D050F556 /* scene.cpp in Sources */ = {isa = PBXBuildFile; fileRef = FA84C55E51122FD0298B439E /* scene.cpp */; };
		28837E303868AA6224DC3470 /* ImporterRegistry.cpp in Sources */ = {isa = PBXBuildFile; fileRef = D825B6D87A0F52CA71366518 /* ImporterRegistry.cpp */; };
		2A1554DA44E1C38C48B25B1A /* AssertHandler.cpp in Sources */ = {isa = PBXBuildFile; fileRef = 014ED8E26E76E7547009D722 /* AssertHandler.cpp */; };
		501767DA6AE3D68C6EB46E1A /* SGSpatialSort.cpp in Sources */ = {isa = PBXBuildFile; fileRef = 432D3BE2B0554A54B1E83A22 /* SGSpatialSort.cpp */; };
		519B4E26F910E9D8A1D5F466 /* VertexTriangleAdjacency.cpp in Sources */ = {isa = PBXBuildFile; fileRef = 62D1396E4173D4E0F655D7AE /* VertexTriangleAdjacency.cpp */; };
		540509C4F1E60A76C9645004 /* ScenePreprocessor.cpp in Sources */ = {isa = PBXBuildFile; fileRef = C960F02C8C21509EE9562E6C /* ScenePreprocessor.cpp */; };
		5916C03AFC7DEDEC13B3A67A /* GenVertexNormalsProcess.cpp in Sources */ = {isa = PBXBuildFile; fileRef = 22A5BEE2BB1DAC54E7049D22 /* GenVertexNormalsProcess.cpp */; };
		5DD40A94013B38461870F0D4 /* GenBoundingBoxesProcess.cpp in Sources */ = {isa = PBXBuildFile; fileRef = DE82749C76FA620EA2E152DC /* GenBoundingBoxesProcess.cpp */; };
		690991424EA0987411E5A782 /* ConvertToLHProcess.cpp in Sources */ = {isa = PBXBuildFile; fileRef = AC2EB66A062FCD5CCD76C4AA /* ConvertToLHProcess.cpp */; };
		6987C2A2796CEED465E078E2 /* ScaleProcess.cpp in Sources */ = {isa = PBXBuildFile; fileRef = 4644ABCAE82E47BCDF555A0A /* ScaleProcess.cpp */; };
		723B79628220A5946E942FA2 /* ObjFileParser.cpp in Sources */ = {isa = PBXBuildFile; fileRef = C71F4C6A6908E85C602FFAAA /* ObjFileParser.cpp */; };
		7EBB7ACC18DF6FFEC905510C /* ObjFileImporter.cpp in Sources */ = {isa = PBXBuildFile; fileRef = 102E9A348488DF26026C6874 /* ObjFileImporter.cpp */; };
		8220FD649CED6C16A0BE03A4 /* DefaultLogger.cpp in Sources */ = {isa = PBXBuildFile; fileRef = B41F95CC2147A43E22DA940C /* DefaultLogger.cpp */; };
		93B9980661DCEBB8E8EB3E46 /* Version.cpp in Sources */ = {isa = PBXBuildFile; fileRef = 25F5254E813678C05490C38E /* Version.cpp */; };
		9BEADAA043607652EC2580E0 /* CalcTangentsProcess.cpp in Sources */ = {isa = PBXBuildFile; fileRef = AC0895E88AAB315A3F8D3428 /* CalcTangentsProcess.cpp */; };
		A0DF6AD23EC06B84163EB112 /* ProcessHelper.cpp in Sources */ = {isa = PBXBuildFile; fileRef = 5C8A81FA1F4AE26C7C7FC03A /* ProcessHelper.cpp */; };
		A47F017EFFDF26304222C7BE /* ValidateDataStructure.cpp in Sources */ = {isa = PBXBuildFile; fileRef = 87555BE6E3DC60586C7F1A26 /* ValidateDataStructure.cpp */; };
		B658EB66B5FBCE98F05081A6 /* CreateAnimMesh.cpp in Sources */ = {isa = PBXBuildFile; fileRef = 49AC33AEA111A6A0531FC1EE /* CreateAnimMesh.cpp */; };
		BD50A454189BF48606CDDA94 /* EmbedTexturesProcess.cpp in Sources */ = {isa = PBXBuildFile; fileRef = 379B0D5C49524D4EBEC03B9C /* EmbedTexturesProcess.cpp */; };
		C05A20BE34429870569046FE /* DefaultIOSystem.cpp in Sources */ = {isa = PBXBuildFile; fileRef = C4D7E6868B65DDF8F96804C6 /* DefaultIOSystem.cpp */; };
		C8494B38AC90536A307D8178 /* Material.cpp in Sources */ = {isa = PBXBuildFile; fileRef = 96129760C6F68F52DA0EC5A0 /* Material.cpp */; };
		CD25B10EBA8D43C05787374E /* MakeVerboseFormat.cpp in Sources */ = {isa = PBXBuildFile; fileRef = 5A0E26766698D8E8E17DA4B6 /* MakeVerboseFormat.cpp */; };
		CF7FB6E843682E9A65B5DD28 /* MaterialSystem.cpp in Sources */ = {isa = PBXBuildFile; fileRef = 6FDAED703668E4E2A46B0BB0 /* MaterialSystem.cpp */; };
		CFDECDCC82D4D77ED3F7340C /* SkeletonMeshBuilder.cpp in Sources */ = {isa = PBXBuildFile; fileRef = 7C8A19B470896326F57477F4 /* SkeletonMeshBuilder.cpp */; };
		DAFDD56A239D139C46C8CBAA /* ArmaturePopulate.cpp in Sources */ = {isa = PBXBuildFile; fileRef = B50C2212A603900412071052 /* ArmaturePopulate.cpp */; };
		E556B66C593F2E1E7B8CDCAC /* DefaultIOStream.cpp in Sources */ = {isa = PBXBuildFile; fileRef = BF12C45485A0BBC6F3A2E294 /* DefaultIOStream.cpp */; };
		EFD78BFED41E9430580BC23E /* Importer.cpp in Sources */ = {isa = PBXBuildFile; fileRef = CA0FC4C6FAF3BCB80E0BF306 /* Importer.cpp */; };
		F31202668B5EE818B9A5E8A6 /* SpatialSort.cpp in Sources */ = {isa = PBXBuildFile; fileRef = 315BF5AE75AA9B20B7D1D3EE /* SpatialSort.cpp */; };
/* End PBXBuildFile section */

/* Begin PBXCopyFilesBuildPhase section */
		9985B1D89CF6840A1E632818 /* Embed Libraries */ = {
			isa = PBXCopyFilesBuildPhase;
			buildActionMask = 2147483647;
			dstPath = "";
			dstSubfolderSpec = 10;
			files = (
			);
			name = "Embed Libraries";
			runOnlyForDeploymentPostprocessing = 0;
		};
/* End PBXCopyFilesBuildPhase section */

/* Begin PBXFileReference section */
		00C58E5C30575D4E0B649C9C /* Assimp.cpp */ = {isa = PBXFileReference; lastKnownFileType = sourcecode.cpp.cpp; name = Assimp.cpp; path = assimp/code/Common/Assimp.cpp; sourceTree = "<group>"; };
		014ED8E26E76E7547009D722 /* AssertHandler.cpp */ = {isa = PBXFileReference; lastKnownFileType = sourcecode.cpp.cpp; name = AssertHandler.cpp; path = assimp/code/Common/AssertHandler.cpp; sourceTree = "<group>"; };
		016A723A5B6B892C22B2807A /* TriangulateProcess.cpp */ = {isa = PBXFileReference; lastKnownFileType = sourcecode.cpp.cpp; name = TriangulateProcess.cpp; path = assimp/code/PostProcessing/TriangulateProcess.cpp; sourceTree = "<group>"; };
		0F51331CA1DEFD0E0AB7A15C /* BaseImporter.cpp */ = {isa = PBXFileReference; lastKnownFileType = sourcecode.cpp.cpp; name = BaseImporter.cpp; path = assimp/code/Common/BaseImporter.cpp; sourceTree = "<group>"; };
		0FE9ED78B1D3896AA8FA9BB8 /* PostStepRegistry.cpp */ = {isa = PBXFileReference; lastKnownFileType = sourcecode.cpp.cpp; name = PostStepRegistry.cpp; path = assimp/code/Common/PostStepRegistry.cpp; sourceTree = "<group>"; };
		102E9A348488DF26026C6874 /* ObjFileImporter.cpp */ = {isa = PBXFileReference; lastKnownFileType = sourcecode.cpp.cpp; name = ObjFileImporter.cpp; path = assimp/code/AssetLib/Obj/ObjFileImporter.cpp; sourceTree = "<group>"; };
		22A5BEE2BB1DAC54E7049D22 /* GenVertexNormalsProcess.cpp */ = {isa = PBXFileReference; lastKnownFileType = sourcecode.cpp.cpp; name = GenVertexNormalsProcess.cpp; path = assimp/code/PostProcessing/GenVertexNormalsProcess.cpp; sourceTree = "<group>"; };
		25F5254E813678C05490C38E /* Version.cpp */ = {isa = PBXFileReference; lastKnownFileType = sourcecode.cpp.cpp; name = Version.cpp; path = assimp/code/Common/Version.cpp; sourceTree = "<group>"; };
		2877F57A6CC69AECAEEDD3BA /* Exceptional.cpp */ = {isa = PBXFileReference; lastKnownFileType = sourcecode.cpp.cpp; name = Exceptional.cpp; path = assimp/code/Common/Exceptional.cpp; sourceTree = "<group>"; };
		315BF5AE75AA9B20B7D1D3EE /* SpatialSort.cpp */ = {isa = PBXFileReference; lastKnownFileType = sourcecode.cpp.cpp; name = SpatialSort.cpp; path = assimp/code/Common/SpatialSort.cpp; sourceTree = "<group>"; };
		379B0D5C49524D4EBEC03B9C /* EmbedTexturesProcess.cpp */ = {isa = PBXFileReference; lastKnownFileType = sourcecode.cpp.cpp; name = EmbedTexturesProcess.cpp; path = assimp/code/PostProcessing/EmbedTexturesProcess.cpp; sourceTree = "<group>"; };
		432D3BE2B0554A54B1E83A22 /* SGSpatialSort.cpp */ = {isa = PBXFileReference; lastKnownFileType = sourcecode.cpp.cpp; name = SGSpatialSort.cpp; path = assimp/code/Common/SGSpatialSort.cpp; sourceTree = "<group>"; };
		4644ABCAE82E47BCDF555A0A /* ScaleProcess.cpp */ = {isa = PBXFileReference; lastKnownFileType = sourcecode.cpp.cpp; name = ScaleProcess.cpp; path = assimp/code/PostProcessing/ScaleProcess.cpp; sourceTree = "<group>"; };
		49AC33AEA111A6A0531FC1EE /* CreateAnimMesh.cpp */ = {isa = PBXFileReference; lastKnownFileType = sourcecode.cpp.cpp; name = CreateAnimMesh.cpp; path = assimp/code/Common/CreateAnimMesh.cpp; sourceTree = "<group>"; };
		4CFC29EE5986DC60D46BA82E /* ObjFileMtlImporter.cpp */ = {isa = PBXFileReference; lastKnownFileType = sourcecode.cpp.cpp; name = ObjFileMtlImporter.cpp; path = assimp/code/AssetLib/Obj/ObjFileMtlImporter.cpp; sourceTree = "<group>"; };
		5A0E26766698D8E8E17DA4B6 /* MakeVerboseFormat.cpp */ = {isa = PBXFileReference; lastKnownFileType = sourcecode.cpp.cpp; name = MakeVerboseFormat.cpp; path = assimp/code/PostProcessing/MakeVerboseFormat.cpp; sourceTree = "<group>"; };
		5C8A81FA1F4AE26C7C7FC03A /* ProcessHelper.cpp */ = {isa = PBXFileReference; lastKnownFileType = sourcecode.cpp.cpp; name = ProcessHelper.cpp; path = assimp/code/PostProcessing/ProcessHelper.cpp; sourceTree = "<group>"; };
		62D1396E4173D4E0F655D7AE /* VertexTriangleAdjacency.cpp */ = {isa = PBXFileReference; lastKnownFileType = sourcecode.cpp.cpp; name = VertexTriangleAdjacency.cpp; path = assimp/code/Common/VertexTriangleAdjacency.cpp; sourceTree = "<group>"; };
		6FDAED703668E4E2A46B0BB0 /* MaterialSystem.cpp */ = {isa = PBXFileReference; lastKnownFileType = sourcecode.cpp.cpp; name = MaterialSystem.cpp; path = assimp/code/Material/MaterialSystem.cpp; sourceTree = "<group>"; };
		746291F6B8B13768FAD87036 /* BaseProcess.cpp */ = {isa = PBXFileReference; lastKnownFileType = sourcecode.cpp.cpp; name = BaseProcess.cpp; path = assimp/code/Common/BaseProcess.cpp; sourceTree = "<group>"; };
		7C8A19B470896326F57477F4 /* SkeletonMeshBuilder.cpp */ = {isa = PBXFileReference; lastKnownFileType = sourcecode.cpp.cpp; name = SkeletonMeshBuilder.cpp; path = assimp/code/Common/SkeletonMeshBuilder.cpp; sourceTree = "<group>"; };
		85C93EFC28B765AEB7DD453C /* libAssimp.a */ = {isa = PBXFileReference; explicitFileType = archive.ar; includeInIndex = 0; path = libAssimp.a; sourceTree = BUILT_PRODUCTS_DIR; };
		87555BE6E3DC60586C7F1A26 /* ValidateDataStructure.cpp */ = {isa = PBXFileReference; lastKnownFileType = sourcecode.cpp.cpp; name = ValidateDataStructure.cpp; path = assimp/code/PostProcessing/ValidateDataStructure.cpp; sourceTree = "<group>"; };
		96129760C6F68F52DA0EC5A0 /* Material.cpp */ = {isa = PBXFileReference; lastKnownFileType = sourcecode.cpp.cpp; name = Material.cpp; path = assimp/code/Common/Material.cpp; sourceTree = "<group>"; };
		AC0895E88AAB315A3F8D3428 /* CalcTangentsProcess.cpp */ = {isa = PBXFileReference; lastKnownFileType = sourcecode.cpp.cpp; name = CalcTangentsProcess.cpp; path = assimp/code/PostProcessing/CalcTangentsProcess.cpp; sourceTree = "<group>"; };
		AC2EB66A062FCD5CCD76C4AA /* ConvertToLHProcess.cpp */ = {isa = PBXFileReference; lastKnownFileType = sourcecode.cpp.cpp; name = ConvertToLHProcess.cpp; path = assimp/code/PostProcessing/ConvertToLHProcess.cpp; sourceTree = "<group>"; };
		AC80377CDD642F6EF07C65BC /* IOSystem.cpp */ = {isa = PBXFileReference; lastKnownFileType = sourcecode.cpp.cpp; name = IOSystem.cpp; path = assimp/code/Common/IOSystem.cpp; sourceTree = "<group>"; };
		B41F95CC2147A43E22DA940C /* DefaultLogger.cpp */ = {isa = PBXFileReference; lastKnownFileType = sourcecode.cpp.cpp; name = DefaultLogger.cpp; path = assimp/code/Common/DefaultLogger.cpp; sourceTree = "<group>"; };
		B50C2212A603900412071052 /* ArmaturePopulate.cpp */ = {isa = PBXFileReference; lastKnownFileType = sourcecode.cpp.cpp; name = ArmaturePopulate.cpp; path = assimp/code/PostProcessing/ArmaturePopulate.cpp; sourceTree = "<group>"; };
		BF12C45485A0BBC6F3A2E294 /* DefaultIOStream.cpp */ = {isa = PBXFileReference; lastKnownFileType = sourcecode.cpp.cpp; name = DefaultIOStream.cpp; path = assimp/code/Common/DefaultIOStream.cpp; sourceTree = "<group>"; };
		C4D7E6868B65DDF8F96804C6 /* DefaultIOSystem.cpp */ = {isa = PBXFileReference; lastKnownFileType = sourcecode.cpp.cpp; name = DefaultIOSystem.cpp; path = assimp/code/Common/DefaultIOSystem.cpp; sourceTree = "<group>"; };
		C71F4C6A6908E85C602FFAAA /* ObjFileParser.cpp */ = {isa = PBXFileReference; lastKnownFileType = sourcecode.cpp.cpp; name = ObjFileParser.cpp; path = assimp/code/AssetLib/Obj/ObjFileParser.cpp; sourceTree = "<group>"; };
		C960F02C8C21509EE9562E6C /* ScenePreprocessor.cpp */ = {isa = PBXFileReference; lastKnownFileType = sourcecode.cpp.cpp; name = ScenePreprocessor.cpp; path = assimp/code/Common/ScenePreprocessor.cpp; sourceTree = "<group>"; };
		CA0FC4C6FAF3BCB80E0BF306 /* Importer.cpp */ = {isa = PBXFileReference; lastKnownFileType = sourcecode.cpp.cpp; name = Importer.cpp; path = assimp/code/Common/Importer.cpp; sourceTree = "<group>"; };
		D825B6D87A0F52CA71366518 /* ImporterRegistry.cpp */ = {isa = PBXFileReference; lastKnownFileType = sourcecode.cpp.cpp; name = ImporterRegistry.cpp; path = assimp/code/Common/ImporterRegistry.cpp; sourceTree = "<group>"; };
		DE82749C76FA620EA2E152DC /* GenBoundingBoxesProcess.cpp */ = {isa = PBXFileReference; lastKnownFileType = sourcecode.cpp.cpp; name = GenBoundingBoxesProcess.cpp; path = assimp/code/PostProcessing/GenBoundingBoxesProcess.cpp; sourceTree = "<group>"; };
		FA84C55E51122FD0298B439E /* scene.cpp */ = {isa = PBXFileReference; lastKnownFileType = sourcecode.cpp.cpp; name = scene.cpp; path = assimp/code/Common/scene.cpp; sourceTree = "<group>"; };
/* End PBXFileReference section */

/* Begin PBXFrameworksBuildPhase section */
		309B166CD4EDB41EE725FCAC /* Frameworks */ = {
			isa = PBXFrameworksBuildPhase;
			buildActionMask = 2147483647;
			files = (
			);
			runOnlyForDeploymentPostprocessing = 0;
		};
/* End PBXFrameworksBuildPhase section */

/* Begin PBXGroup section */
		108A0D7613FADFA8956783B6 /* AssetLib */ = {
			isa = PBXGroup;
			children = (
				5182F04480294436D96A9E84 /* Obj */,
			);
			name = AssetLib;
			sourceTree = "<group>";
		};
		326B0B6D10160E1FE3BA91AD /* Assimp */ = {
			isa = PBXGroup;
			children = (
				108A0D7613FADFA8956783B6 /* AssetLib */,
				9028495A3373D28C4E449F9A /* Common */,
				9B72D7E69EE3AA1820504E26 /* Material */,
				889CDC4EAA688980E71DB28E /* PostProcessing */,
				A6C936B49B3FADE6EA134CF4 /* Products */,
			);
			name = Assimp;
			sourceTree = "<group>";
		};
		5182F04480294436D96A9E84 /* Obj */ = {
			isa = PBXGroup;
			children = (
				102E9A348488DF26026C6874 /* ObjFileImporter.cpp */,
				4CFC29EE5986DC60D46BA82E /* ObjFileMtlImporter.cpp */,
				C71F4C6A6908E85C602FFAAA /* ObjFileParser.cpp */,
			);
			name = Obj;
			sourceTree = "<group>";
		};
		889CDC4EAA688980E71DB28E /* PostProcessing */ = {
			isa = PBXGroup;
			children = (
				B50C2212A603900412071052 /* ArmaturePopulate.cpp */,
				AC0895E88AAB315A3F8D3428 /* CalcTangentsProcess.cpp */,
				AC2EB66A062FCD5CCD76C4AA /* ConvertToLHProcess.cpp */,
				379B0D5C49524D4EBEC03B9C /* EmbedTexturesProcess.cpp */,
				DE82749C76FA620EA2E152DC /* GenBoundingBoxesProcess.cpp */,
				22A5BEE2BB1DAC54E7049D22 /* GenVertexNormalsProcess.cpp */,
				5A0E26766698D8E8E17DA4B6 /* MakeVerboseFormat.cpp */,
				5C8A81FA1F4AE26C7C7FC03A /* ProcessHelper.cpp */,
				4644ABCAE82E47BCDF555A0A /* ScaleProcess.cpp */,
				016A723A5B6B892C22B2807A /* TriangulateProcess.cpp */,
				87555BE6E3DC60586C7F1A26 /* ValidateDataStructure.cpp */,
			);
			name = PostProcessing;
			sourceTree = "<group>";
		};
		9028495A3373D28C4E449F9A /* Common */ = {
			isa = PBXGroup;
			children = (
				014ED8E26E76E7547009D722 /* AssertHandler.cpp */,
				00C58E5C30575D4E0B649C9C /* Assimp.cpp */,
				0F51331CA1DEFD0E0AB7A15C /* BaseImporter.cpp */,
				746291F6B8B13768FAD87036 /* BaseProcess.cpp */,
				49AC33AEA111A6A0531FC1EE /* CreateAnimMesh.cpp */,
				BF12C45485A0BBC6F3A2E294 /* DefaultIOStream.cpp */,
				C4D7E6868B65DDF8F96804C6 /* DefaultIOSystem.cpp */,
				B41F95CC2147A43E22DA940C /* DefaultLogger.cpp */,
				2877F57A6CC69AECAEEDD3BA /* Exceptional.cpp */,
				AC80377CDD642F6EF07C65BC /* IOSystem.cpp */,
				CA0FC4C6FAF3BCB80E0BF306 /* Importer.cpp */,
				D825B6D87A0F52CA71366518 /* ImporterRegistry.cpp */,
				96129760C6F68F52DA0EC5A0 /* Material.cpp */,
				0FE9ED78B1D3896AA8FA9BB8 /* PostStepRegistry.cpp */,
				432D3BE2B0554A54B1E83A22 /* SGSpatialSort.cpp */,
				C960F02C8C21509EE9562E6C /* ScenePreprocessor.cpp */,
				7C8A19B470896326F57477F4 /* SkeletonMeshBuilder.cpp */,
				315BF5AE75AA9B20B7D1D3EE /* SpatialSort.cpp */,
				25F5254E813678C05490C38E /* Version.cpp */,
				62D1396E4173D4E0F655D7AE /* VertexTriangleAdjacency.cpp */,
				FA84C55E51122FD0298B439E /* scene.cpp */,
			);
			name = Common;
			sourceTree = "<group>";
		};
		9B72D7E69EE3AA1820504E26 /* Material */ = {
			isa = PBXGroup;
			children = (
				6FDAED703668E4E2A46B0BB0 /* MaterialSystem.cpp */,
			);
			name = Material;
			sourceTree = "<group>";
		};
		A6C936B49B3FADE6EA134CF4 /* Products */ = {
			isa = PBXGroup;
			children = (
				85C93EFC28B765AEB7DD453C /* libAssimp.a */,
			);
			name = Products;
			sourceTree = "<group>";
		};
/* End PBXGroup section */

/* Begin PBXNativeTarget section */
		F6A7276268323FD4173365A2 /* Assimp */ = {
			isa = PBXNativeTarget;
			buildConfigurationList = 1ED65ECBC328FC7DD561450B /* Build configuration list for PBXNativeTarget "Assimp" */;
			buildPhases = (
				A082970C44D534BE570D7D4C /* Resources */,
				0A2FB063AE824E15C0BA96A3 /* Sources */,
				309B166CD4EDB41EE725FCAC /* Frameworks */,
				9985B1D89CF6840A1E632818 /* Embed Libraries */,
			);
			buildRules = (
			);
			dependencies = (
			);
			name = Assimp;
			productName = Assimp;
			productReference = 85C93EFC28B765AEB7DD453C /* libAssimp.a */;
			productType = "com.apple.product-type.library.static";
		};
/* End PBXNativeTarget section */

/* Begin PBXProject section */
		08FB7793FE84155DC02AAC07 /* Project object */ = {
			isa = PBXProject;
			attributes = {
				LastUpgradeCheck = 1340;
			};
			buildConfigurationList = 1DEB928908733DD80010E9CD /* Build configuration list for PBXProject "Assimp" */;
			compatibilityVersion = "Xcode 3.2";
			developmentRegion = en;
			hasScannedForEncodings = 1;
			knownRegions = (
				en,
				Base,
			);
			mainGroup = 326B0B6D10160E1FE3BA91AD /* Assimp */;
			projectDirPath = "";
			projectRoot = "";
			targets = (
				F6A7276268323FD4173365A2 /* Assimp */,
			);
		};
/* End PBXProject section */

/* Begin PBXResourcesBuildPhase section */
		A082970C44D534BE570D7D4C /* Resources */ = {
			isa = PBXResourcesBuildPhase;
			buildActionMask = 2147483647;
			files = (
			);
			runOnlyForDeploymentPostprocessing = 0;
		};
/* End PBXResourcesBuildPhase section */

/* Begin PBXSourcesBuildPhase section */
		0A2FB063AE824E15C0BA96A3 /* Sources */ = {
			isa = PBXSourcesBuildPhase;
			buildActionMask = 2147483647;
			files = (
				7EBB7ACC18DF6FFEC905510C /* ObjFileImporter.cpp in Sources */,
				17D20E260539A0D8A2339466 /* ObjFileMtlImporter.cpp in Sources */,
				723B79628220A5946E942FA2 /* ObjFileParser.cpp in Sources */,
				2A1554DA44E1C38C48B25B1A /* AssertHandler.cpp in Sources */,
				01D705F4974DC52605EA1C34 /* Assimp.cpp in Sources */,
				1A43C0B4F960DAE6D56A36F4 /* BaseImporter.cpp in Sources */,
				1BD1972EB41E7CE0E2657D6E /* BaseProcess.cpp in Sources */,
				B658EB66B5FBCE98F05081A6 /* CreateAnimMesh.cpp in Sources */,
				E556B66C593F2E1E7B8CDCAC /* DefaultIOStream.cpp in Sources */,
				C05A20BE34429870569046FE /* DefaultIOSystem.cpp in Sources */,
				8220FD649CED6C16A0BE03A4 /* DefaultLogger.cpp in Sources */,
				17A03CF2AFED22A4DE342332 /* Exceptional.cpp in Sources */,
				18173F14FC5E4746804B7554 /* IOSystem.cpp in Sources */,
				EFD78BFED41E9430580BC23E /* Importer.cpp in Sources */,
				28837E303868AA6224DC3470 /* ImporterRegistry.cpp in Sources */,
				C8494B38AC90536A307D8178 /* Material.cpp in Sources */,
				07B5CED0179AFB02040E8510 /* PostStepRegistry.cpp in Sources */,
				501767DA6AE3D68C6EB46E1A /* SGSpatialSort.cpp in Sources */,
				540509C4F1E60A76C9645004 /* ScenePreprocessor.cpp in Sources */,
				CFDECDCC82D4D77ED3F7340C /* SkeletonMeshBuilder.cpp in Sources */,
				F31202668B5EE818B9A5E8A6 /* SpatialSort.cpp in Sources */,
				93B9980661DCEBB8E8EB3E46 /* Version.cpp in Sources */,
				519B4E26F910E9D8A1D5F466 /* VertexTriangleAdjacency.cpp in Sources */,
				24786F165671B9C8D050F556 /* scene.cpp in Sources */,
				CF7FB6E843682E9A65B5DD28 /* MaterialSystem.cpp in Sources */,
				DAFDD56A239D139C46C8CBAA /* ArmaturePopulate.cpp in Sources */,
				9BEADAA043607652EC2580E0 /* CalcTangentsProcess.cpp in Sources */,
				690991424EA0987411E5A782 /* ConvertToLHProcess.cpp in Sources */,
				BD50A454189BF48606CDDA94 /* EmbedTexturesProcess.cpp in Sources */,
				5DD40A94013B38461870F0D4 /* GenBoundingBoxesProcess.cpp in Sources */,
				5916C03AFC7DEDEC13B3A67A /* GenVertexNormalsProcess.cpp in Sources */,
				CD25B10EBA8D43C05787374E /* MakeVerboseFormat.cpp in Sources */,
				A0DF6AD23EC06B84163EB112 /* ProcessHelper.cpp in Sources */,
				6987C2A2796CEED465E078E2 /* ScaleProcess.cpp in Sources */,
				1EC34212045A4944C79F5852 /* TriangulateProcess.cpp in Sources */,
				A47F017EFFDF26304222C7BE /* ValidateDataStructure.cpp in Sources */,
			);
			runOnlyForDeploymentPostprocessing = 0;
		};
/* End PBXSourcesBuildPhase section */

/* Begin XCBuildConfiguration section */
		2D73FC1155AEB4C33D4A4251 /* Debug */ = {
			isa = XCBuildConfiguration;
			buildSettings = {
				ALWAYS_SEARCH_USER_PATHS = NO;
				CLANG_ENABLE_OBJC_WEAK = YES;
				CONFIGURATION_BUILD_DIR = ../bin/Debug;
				DEBUG_INFORMATION_FORMAT = "dwarf-with-dsym";
				GCC_DYNAMIC_NO_PIC = NO;
				INSTALL_PATH = /usr/local/lib;
				MACOSX_DEPLOYMENT_TARGET = latest;
				PRODUCT_NAME = Assimp;
			};
			name = Debug;
		};
		2ED097D63B8D4748B077B616 /* Release */ = {
			isa = XCBuildConfiguration;
			buildSettings = {
				CLANG_CXX_LANGUAGE_STANDARD = "c++11";
				CLANG_WARN_BLOCK_CAPTURE_AUTORELEASING = YES;
				CLANG_WARN_BOOL_CONVERSION = YES;
				CLANG_WARN_COMMA = YES;
				CLANG_WARN_CONSTANT_CONVERSION = YES;
				CLANG_WARN_DEPRECATED_OBJC_IMPLEMENTATIONS = YES;
				CLANG_WARN_EMPTY_BODY = YES;
				CLANG_WARN_ENUM_CONVERSION = YES;
				CLANG_WARN_INFINITE_RECURSION = YES;
				CLANG_WARN_INT_CONVERSION = YES;
				CLANG_WARN_NON_LITERAL_NULL_CONVERSION = YES;
				CLANG_WARN_OBJC_IMPLICIT_RETAIN_SELF = YES;
				CLANG_WARN_OBJC_LITERAL_CONVERSION = YES;
				CLANG_WARN_QUOTED_INCLUDE_IN_FRAMEWORK_HEADER = YES;
				CLANG_WARN_RANGE_LOOP_ANALYSIS = YES;
				CLANG_WARN_STRICT_PROTOTYPES = YES;
				CLANG_WARN_SUSPICIOUS_MOVE = YES;
				CLANG_WARN_UNREACHABLE_CODE = YES;
				CLANG_WARN__DUPLICATE_METHOD_MATCH = YES;
				CONFIGURATION_BUILD_DIR = "$(SYMROOT)";
				CONFIGURATION_TEMP_DIR = "$(OBJROOT)";
				ENABLE_STRICT_OBJC_MSGSEND = YES;
				GCC_NO_COMMON_BLOCKS = YES;
				GCC_OPTIMIZATION_LEVEL = 3;
				GCC_PREPROCESSOR_DEFINITIONS = (
					RELEASE,
					ASSIMP_BUILD_NO_OWN_ZLIB,
					ASSIMP_BUILD_NO_X_IMPORTER,
					ASSIMP_BUILD_NO_3DS_IMPORTER,
					ASSIMP_BUILD_NO_MD3_IMPORTER,
					ASSIMP_BUILD_NO_MDL_IMPORTER,
					ASSIMP_BUILD_NO_MD2_IMPORTER,
					ASSIMP_BUILD_NO_PLY_IMPORTER,
					ASSIMP_BUILD_NO_ASE_IMPORTER,
					ASSIMP_BUILD_NO_AMF_IMPORTER,
					ASSIMP_BUILD_NO_HMP_IMPORTER,
					ASSIMP_BUILD_NO_SMD_IMPORTER,
					ASSIMP_BUILD_NO_MDC_IMPORTER,
					ASSIMP_BUILD_NO_MD5_IMPORTER,
					ASSIMP_BUILD_NO_STL_IMPORTER,
					ASSIMP_BUILD_NO_LWO_IMPORTER,
					ASSIMP_BUILD_NO_DXF_IMPORTER,
					ASSIMP_BUILD_NO_NFF_IMPORTER,
					ASSIMP_BUILD_NO_RAW_IMPORTER,
					ASSIMP_BUILD_NO_OFF_IMPORTER,
					ASSIMP_BUILD_NO_AC_IMPORTER,
					ASSIMP_BUILD_NO_BVH_IMPORTER,
					ASSIMP_BUILD_NO_IRRMESH_IMPORTER,
					ASSIMP_BUILD_NO_IRR_IMPORTER,
					ASSIMP_BUILD_NO_Q3D_IMPORTER,
					ASSIMP_BUILD_NO_B3D_IMPORTER,
					ASSIMP_BUILD_NO_COLLADA_IMPORTER,
					ASSIMP_BUILD_NO_TERRAGEN_IMPORTER,
					ASSIMP_BUILD_NO_CSM_IMPORTER,
					ASSIMP_BUILD_NO_3D_IMPORTER,
					ASSIMP_BUILD_NO_LWS_IMPORTER,
					ASSIMP_BUILD_NO_OGRE_IMPORTER,
					ASSIMP_BUILD_NO_OPENGEX_IMPORTER,
					ASSIMP_BUILD_NO_MS3D_IMPORTER,
					ASSIMP_BUILD_NO_COB_IMPORTER,
					ASSIMP_BUILD_NO_BLEND_IMPORTER,
					ASSIMP_BUILD_NO_Q3BSP_IMPORTER,
					ASSIMP_BUILD_NO_NDO_IMPORTER,
					ASSIMP_BUILD_NO_IFC_IMPORTER,
					ASSIMP_BUILD_NO_XGL_IMPORTER,
					ASSIMP_BUILD_NO_FBX_IMPORTER,
					ASSIMP_BUILD_NO_ASSBIN_IMPORTER,
					ASSIMP_BUILD_NO_GLTF_IMPORTER,
					ASSIMP_BUILD_NO_C4D_IMPORTER,
					ASSIMP_BUILD_NO_3MF_IMPORTER,
					ASSIMP_BUILD_NO_X3D_IMPORTER,
					ASSIMP_BUILD_NO_MMD_IMPORTER,
					ASSIMP_BUILD_NO_M3D_IMPORTER,
					ASSIMP_BUILD_NO_IQM_IMPORTER,
					ASSIMP_BUILD_NO_STEP_EXPORTER,
					ASSIMP_BUILD_NO_SIB_IMPORTER,
					ASSIMP_BUILD_NO_FLIPUVS_PROCESS,
					ASSIMP_BUILD_NO_JOINVERTICES_PROCESS,
					ASSIMP_BUILD_NO_GENFACENORMALS_PROCESS,
					ASSIMP_BUILD_NO_REMOVEVC_PROCESS,
					ASSIMP_BUILD_NO_SPLITLARGEMESHES_PROCESS,
					ASSIMP_BUILD_NO_PRETRANSFORMVERTICES_PROCESS,
					ASSIMP_BUILD_NO_LIMITBONEWEIGHTS_PROCESS,
					ASSIMP_BUILD_NO_IMPROVECACHELOCALITY_PROCESS,
					ASSIMP_BUILD_NO_FIXINFACINGNORMALS_PROCESS,
					ASSIMP_BUILD_NO_REMOVE_REDUNDANTMATERIALS_PROCESS,
					ASSIMP_BUILD_NO_FINDINVALIDDATA_PROCESS,
					ASSIMP_BUILD_NO_FINDDEGENERATES_PROCESS,
					ASSIMP_BUILD_NO_SORTBYPTYPE_PROCESS,
					ASSIMP_BUILD_NO_GENUVCOORDS_PROCESS,
					ASSIMP_BUILD_NO_TRANSFORMTEXCOORDS_PROCESS,
					ASSIMP_BUILD_NO_FINDINSTANCES_PROCESS,
					ASSIMP_BUILD_NO_OPTIMIZEMESHES_PROCESS,
					ASSIMP_BUILD_NO_OPTIMIZEGRAPH_PROCESS,
					ASSIMP_BUILD_NO_SPLITBYBONECOUNT_PROCESS,
					ASSIMP_BUILD_NO_DEBONE_PROCESS,
					ASSIMP_BUILD_NO_EMBEDTEXTURES_PROCESS,
					ASSIMP_BUILD_NO_GLOBALSCALE_PROCESS,
					_ASSIMP_COCOA,
				);
				GCC_SYMBOLS_PRIVATE_EXTERN = NO;
				GCC_WARN_64_TO_32_BIT_CONVERSION = YES;
				GCC_WARN_ABOUT_RETURN_TYPE = YES;
				GCC_WARN_UNDECLARED_SELECTOR = YES;
				GCC_WARN_UNINITIALIZED_AUTOS = YES;
				GCC_WARN_UNUSED_FUNCTION = YES;
				GCC_WARN_UNUSED_VARIABLE = YES;
				OBJROOT = ../obj/Release/Release/Assimp;
				ONLY_ACTIVE_ARCH = NO;
				SYMROOT = ../bin/Release;
				SYSTEM_HEADER_SEARCH_PATHS = "assimp/include assimp/code assimp/contrib/irrXML assimp/contrib/pugixml/src assimp/contrib/zlib assimp/contrib/rapidjson/include assimp/contrib $(inherited)";
				USER_HEADER_SEARCH_PATHS = assimp;
			};
			name = Release;
		};
		A1265F4BC2F20C7DFFA7358B /* Release */ = {
			isa = XCBuildConfiguration;
			buildSettings = {
				ALWAYS_SEARCH_USER_PATHS = NO;
				CLANG_ENABLE_OBJC_WEAK = YES;
				CONFIGURATION_BUILD_DIR = ../bin/Release;
				DEBUG_INFORMATION_FORMAT = "dwarf-with-dsym";
				GCC_DYNAMIC_NO_PIC = NO;
				INSTALL_PATH = /usr/local/lib;
				MACOSX_DEPLOYMENT_TARGET = latest;
				PRODUCT_NAME = Assimp;
			};
			name = Release;
		};
		FEA4A69C512AD18E236F34DC /* Debug */ = {
			isa = XCBuildConfiguration;
			buildSettings = {
				CLANG_CXX_LANGUAGE_STANDARD = "c++11";
				CLANG_WARN_BLOCK_CAPTURE_AUTORELEASING = YES;
				CLANG_WARN_BOOL_CONVERSION = YES;
				CLANG_WARN_COMMA = YES;
				CLANG_WARN_CONSTANT_CONVERSION = YES;
				CLANG_WARN_DEPRECATED_OBJC_IMPLEMENTATIONS = YES;
				CLANG_WARN_EMPTY_BODY = YES;
				CLANG_WARN_ENUM_CONVERSION = YES;
				CLANG_WARN_INFINITE_RECURSION = YES;
				CLANG_WARN_INT_CONVERSION = YES;
				CLANG_WARN_NON_LITERAL_NULL_CONVERSION = YES;
				CLANG_WARN_OBJC_IMPLICIT_RETAIN_SELF = YES;
				CLANG_WARN_OBJC_LITERAL_CONVERSION = YES;
				CLANG_WARN_QUOTED_INCLUDE_IN_FRAMEWORK_HEADER = YES;
				CLANG_WARN_RANGE_LOOP_ANALYSIS = YES;
				CLANG_WARN_STRICT_PROTOTYPES = YES;
				CLANG_WARN_SUSPICIOUS_MOVE = YES;
				CLANG_WARN_UNREACHABLE_CODE = YES;
				CLANG_WARN__DUPLICATE_METHOD_MATCH = YES;
				CONFIGURATION_BUILD_DIR = "$(SYMROOT)";
				CONFIGURATION_TEMP_DIR = "$(OBJROOT)";
				COPY_PHASE_STRIP = NO;
				ENABLE_STRICT_OBJC_MSGSEND = YES;
				ENABLE_TESTABILITY = YES;
				GCC_NO_COMMON_BLOCKS = YES;
				GCC_OPTIMIZATION_LEVEL = 0;
				GCC_PREPROCESSOR_DEFINITIONS = (
					DEBUG,
					DEBUG_SHADER,
					ASSIMP_BUILD_NO_OWN_ZLIB,
					ASSIMP_BUILD_NO_X_IMPORTER,
					ASSIMP_BUILD_NO_3DS_IMPORTER,
					ASSIMP_BUILD_NO_MD3_IMPORTER,
					ASSIMP_BUILD_NO_MDL_IMPORTER,
					ASSIMP_BUILD_NO_MD2_IMPORTER,
					ASSIMP_BUILD_NO_PLY_IMPORTER,
					ASSIMP_BUILD_NO_ASE_IMPORTER,
					ASSIMP_BUILD_NO_AMF_IMPORTER,
					ASSIMP_BUILD_NO_HMP_IMPORTER,
					ASSIMP_BUILD_NO_SMD_IMPORTER,
					ASSIMP_BUILD_NO_MDC_IMPORTER,
					ASSIMP_BUILD_NO_MD5_IMPORTER,
					ASSIMP_BUILD_NO_STL_IMPORTER,
					ASSIMP_BUILD_NO_LWO_IMPORTER,
					ASSIMP_BUILD_NO_DXF_IMPORTER,
					ASSIMP_BUILD_NO_NFF_IMPORTER,
					ASSIMP_BUILD_NO_RAW_IMPORTER,
					ASSIMP_BUILD_NO_OFF_IMPORTER,
					ASSIMP_BUILD_NO_AC_IMPORTER,
					ASSIMP_BUILD_NO_BVH_IMPORTER,
					ASSIMP_BUILD_NO_IRRMESH_IMPORTER,
					ASSIMP_BUILD_NO_IRR_IMPORTER,
					ASSIMP_BUILD_NO_Q3D_IMPORTER,
					ASSIMP_BUILD_NO_B3D_IMPORTER,
					ASSIMP_BUILD_NO_COLLADA_IMPORTER,
					ASSIMP_BUILD_NO_TERRAGEN_IMPORTER,
					ASSIMP_BUILD_NO_CSM_IMPORTER,
					ASSIMP_BUILD_NO_3D_IMPORTER,
					ASSIMP_BUILD_NO_LWS_IMPORTER,
					ASSIMP_BUILD_NO_OGRE_IMPORTER,
					ASSIMP_BUILD_NO_OPENGEX_IMPORTER,
					ASSIMP_BUILD_NO_MS3D_IMPORTER,
					ASSIMP_BUILD_NO_COB_IMPORTER,
					ASSIMP_BUILD_NO_BLEND_IMPORTER,
					ASSIMP_BUILD_NO_Q3BSP_IMPORTER,
					ASSIMP_BUILD_NO_NDO_IMPORTER,
					ASSIMP_BUILD_NO_IFC_IMPORTER,
					ASSIMP_BUILD_NO_XGL_IMPORTER,
					ASSIMP_BUILD_NO_FBX_IMPORTER,
					ASSIMP_BUILD_NO_ASSBIN_IMPORTER,
					ASSIMP_BUILD_NO_GLTF_IMPORTER,
					ASSIMP_BUILD_NO_C4D_IMPORTER,
					ASSIMP_BUILD_NO_3MF_IMPORTER,
					ASSIMP_BUILD_NO_X3D_IMPORTER,
					ASSIMP_BUILD_NO_MMD_IMPORTER,
					ASSIMP_BUILD_NO_M3D_IMPORTER,
					ASSIMP_BUILD_NO_IQM_IMPORTER,
					ASSIMP_BUILD_NO_STEP_EXPORTER,
					ASSIMP_BUILD_NO_SIB_IMPORTER,
					ASSIMP_BUILD_NO_FLIPUVS_PROCESS,
					ASSIMP_BUILD_NO_JOINVERTICES_PROCESS,
					ASSIMP_BUILD_NO_GENFACENORMALS_PROCESS,
					ASSIMP_BUILD_NO_REMOVEVC_PROCESS,
					ASSIMP_BUILD_NO_SPLITLARGEMESHES_PROCESS,
					ASSIMP_BUILD_NO_PRETRANSFORMVERTICES_PROCESS,
					ASSIMP_BUILD_NO_LIMITBONEWEIGHTS_PROCESS,
					ASSIMP_BUILD_NO_IMPROVECACHELOCALITY_PROCESS,
					ASSIMP_BUILD_NO_FIXINFACINGNORMALS_PROCESS,
					ASSIMP_BUILD_NO_REMOVE_REDUNDANTMATERIALS_PROCESS,
					ASSIMP_BUILD_NO_FINDINVALIDDATA_PROCESS,
					ASSIMP_BUILD_NO_FINDDEGENERATES_PROCESS,
					ASSIMP_BUILD_NO_SORTBYPTYPE_PROCESS,
					ASSIMP_BUILD_NO_GENUVCOORDS_PROCESS,
					ASSIMP_BUILD_NO_TRANSFORMTEXCOORDS_PROCESS,
					ASSIMP_BUILD_NO_FINDINSTANCES_PROCESS,
					ASSIMP_BUILD_NO_OPTIMIZEMESHES_PROCESS,
					ASSIMP_BUILD_NO_OPTIMIZEGRAPH_PROCESS,
					ASSIMP_BUILD_NO_SPLITBYBONECOUNT_PROCESS,
					ASSIMP_BUILD_NO_DEBONE_PROCESS,
					ASSIMP_BUILD_NO_EMBEDTEXTURES_PROCESS,
					ASSIMP_BUILD_NO_GLOBALSCALE_PROCESS,
					_ASSIMP_COCOA,
				);
				GCC_SYMBOLS_PRIVATE_EXTERN = NO;
				GCC_WARN_64_TO_32_BIT_CONVERSION = YES;
				GCC_WARN_ABOUT_RETURN_TYPE = YES;
				GCC_WARN_UNDECLARED_SELECTOR = YES;
				GCC_WARN_UNINITIALIZED_AUTOS = YES;
				GCC_WARN_UNUSED_FUNCTION = YES;
				GCC_WARN_UNUSED_VARIABLE = YES;
				OBJROOT = ../obj/Debug/Debug/Assimp;
				ONLY_ACTIVE_ARCH = YES;
				SYMROOT = ../bin/Debug;
				SYSTEM_HEADER_SEARCH_PATHS = "assimp/include assimp/code assimp/contrib/irrXML assimp/contrib/pugixml/src assimp/contrib/zlib assimp/contrib/rapidjson/include assimp/contrib $(inherited)";
				USER_HEADER_SEARCH_PATHS = assimp;
			};
			name = Debug;
		};
/* End XCBuildConfiguration section */

/* Begin XCConfigurationList section */
		1DEB928908733DD80010E9CD /* Build configuration list for PBXProject "Assimp" */ = {
			isa = XCConfigurationList;
			buildConfigurations = (
				FEA4A69C512AD18E236F34DC /* Debug */,
				2ED097D63B8D4748B077B616 /* Release */,
			);
			defaultConfigurationIsVisible = 0;
			defaultConfigurationName = Debug;
		};
		1ED65ECBC328FC7DD561450B /* Build configuration list for PBXNativeTarget "Assimp" */ = {
			isa = XCConfigurationList;
			buildConfigurations = (
				2D73FC1155AEB4C33D4A4251 /* Debug */,
				A1265F4BC2F20C7DFFA7358B /* Release */,
			);
			defaultConfigurationIsVisible = 0;
			defaultConfigurationName = Debug;
		};
/* End XCConfigurationList section */
	};
	rootObject = 08FB7793FE84155DC02AAC07 /* Project object */;
}
